
Microsoft Visual Studio Solution File, Format Version 9.00
# Visual Studio 2005
Project("{8BC9CEB8-8B4A-11D0-8D11-00A0C91BC942}") = "BondsProClient", "BondsProClient.vcproj", "{CF67D4B6-F49B-4D53-B21D-26210D2E963F}"
	ProjectSection(WebsiteProperties) = preProject
		Debug.AspNetCompiler.Debug = "True"
		Release.AspNetCompiler.Debug = "False"
	EndProjectSection
EndProject
Project("{8BC9CEB8-8B4A-11D0-8D11-00A0C91BC942}") = "BondsProServer", "..\BondsProServer\BondsProServer.vcproj", "{0A6B93A4-925C-4778-839F-3BED80C9DFF7}"
	ProjectSection(WebsiteProperties) = preProject
		Debug.AspNetCompiler.Debug = "True"
		Release.AspNetCompiler.Debug = "False"
	EndProjectSection
EndProject
Global
	GlobalSection(SolutionConfigurationPlatforms) = preSolution
		Debug|Win32 = Debug|Win32
		Release|Win32 = Release|Win32
	EndGlobalSection
	GlobalSection(ProjectConfigurationPlatforms) = postSolution
		{CF67D4B6-F49B-4D53-B21D-26210D2E963F}.Debug|Win32.ActiveCfg = Debug|Win32
		{CF67D4B6-F49B-4D53-B21D-26210D2E963F}.Debug|Win32.Build.0 = Debug|Win32
		{CF67D4B6-F49B-4D53-B21D-26210D2E963F}.Release|Win32.ActiveCfg = Release|Win32
		{CF67D4B6-F49B-4D53-B21D-26210D2E963F}.Release|Win32.Build.0 = Release|Win32
		{0A6B93A4-925C-4778-839F-3BED80C9DFF7}.Debug|Win32.ActiveCfg = Debug|Win32
		{0A6B93A4-925C-4778-839F-3BED80C9DFF7}.Debug|Win32.Build.0 = Debug|Win32
		{0A6B93A4-925C-4778-839F-3BED80C9DFF7}.Release|Win32.ActiveCfg = Release|Win32
		{0A6B93A4-925C-4778-839F-3BED80C9DFF7}.Release|Win32.Build.0 = Release|Win32
	EndGlobalSection
	GlobalSection(SolutionProperties) = preSolution
		HideSolutionNode = FALSE
	EndGlobalSection
EndGlobal
